// !$*UTF8*$!
{
	archiveVersion = 1;
	classes = {
	};
	objectVersion = 46;
	objects = {

/* Begin PBXBuildFile section */
		12F51BB5C46DBD12E46D0BD5 /* Pods_RPGAapp.framework in Frameworks */ = {isa = PBXBuildFile; fileRef = BE1DDFB58330F4312E9F934A /* Pods_RPGAapp.framework */; };
		3B063D631F3A21A800B5271C /* AppDelegate.swift in Sources */ = {isa = PBXBuildFile; fileRef = 3B063D621F3A21A800B5271C /* AppDelegate.swift */; };
		3B063D651F3A21A800B5271C /* MasterViewController.swift in Sources */ = {isa = PBXBuildFile; fileRef = 3B063D641F3A21A800B5271C /* MasterViewController.swift */; };
		3B063D6A1F3A21A800B5271C /* Main.storyboard in Resources */ = {isa = PBXBuildFile; fileRef = 3B063D681F3A21A800B5271C /* Main.storyboard */; };
		3B063D6C1F3A21A800B5271C /* Assets.xcassets in Resources */ = {isa = PBXBuildFile; fileRef = 3B063D6B1F3A21A800B5271C /* Assets.xcassets */; };
		3B063D6F1F3A21A800B5271C /* LaunchScreen.storyboard in Resources */ = {isa = PBXBuildFile; fileRef = 3B063D6D1F3A21A800B5271C /* LaunchScreen.storyboard */; };
		3B2367DC1F5DE2C800A9EF70 /* editPackage.swift in Sources */ = {isa = PBXBuildFile; fileRef = 3B2367DB1F5DE2C800A9EF70 /* editPackage.swift */; };
		3B2367DE1F5DE3A900A9EF70 /* editDrawSetting.swift in Sources */ = {isa = PBXBuildFile; fileRef = 3B2367DD1F5DE3A900A9EF70 /* editDrawSetting.swift */; };
		3B295D8620A8E326001DC35D /* DiceRollModels.swift in Sources */ = {isa = PBXBuildFile; fileRef = 3B295D8520A8E326001DC35D /* DiceRollModels.swift */; };
		3B295D8820A8E3C4001DC35D /* DiceRollFunctions.swift in Sources */ = {isa = PBXBuildFile; fileRef = 3B295D8720A8E3C4001DC35D /* DiceRollFunctions.swift */; };
		3B31B3E61F3B67A6003526E1 /* KatalogMenuViewController.swift in Sources */ = {isa = PBXBuildFile; fileRef = 3B31B3E51F3B67A6003526E1 /* KatalogMenuViewController.swift */; };
		3B31B3E81F3B7622003526E1 /* CatalogeDetailViewController.swift in Sources */ = {isa = PBXBuildFile; fileRef = 3B31B3E71F3B7622003526E1 /* CatalogeDetailViewController.swift */; };
		3B3C052D1F3BBA8100CFB002 /* SettingsMenuViewController.swift in Sources */ = {isa = PBXBuildFile; fileRef = 3B3C052C1F3BBA8100CFB002 /* SettingsMenuViewController.swift */; };
		3B3C05311F3BC1D600CFB002 /* MapViewController.swift in Sources */ = {isa = PBXBuildFile; fileRef = 3B3C05301F3BC1D600CFB002 /* MapViewController.swift */; };
		3B3D3CBA1FFAD07B00AA9D0B /* Dwifft.framework in Frameworks */ = {isa = PBXBuildFile; fileRef = 3BA35D0F1FF59E8F00FB40AC /* Dwifft.framework */; };
		3B3D3CBB1FFAD07B00AA9D0B /* Dwifft.framework in Embed Frameworks */ = {isa = PBXBuildFile; fileRef = 3BA35D0F1FF59E8F00FB40AC /* Dwifft.framework */; settings = {ATTRIBUTES = (CodeSignOnCopy, RemoveHeadersOnCopy, ); }; };
		3B48ED6320A9CB2900DAA7CC /* TeamViewCell.swift in Sources */ = {isa = PBXBuildFile; fileRef = 3B48ED6220A9CB2900DAA7CC /* TeamViewCell.swift */; };
		3B48ED6520A9D63600DAA7CC /* TeamViewCellSubCells.swift in Sources */ = {isa = PBXBuildFile; fileRef = 3B48ED6420A9D63600DAA7CC /* TeamViewCellSubCells.swift */; };
		3B50DC021F40EB6B0040DCCC /* MPManager.swift in Sources */ = {isa = PBXBuildFile; fileRef = 3B50DC011F40EB6B0040DCCC /* MPManager.swift */; };
		3B588E001FF30C0500715440 /* randomUserTests.swift in Sources */ = {isa = PBXBuildFile; fileRef = 3B588DFF1FF30C0500715440 /* randomUserTests.swift */; };
		3B7778CB1FD9C3D300F56F04 /* RandomNumberGenerator.swift in Sources */ = {isa = PBXBuildFile; fileRef = 3B7778CA1FD9C3D300F56F04 /* RandomNumberGenerator.swift */; };
		3B7B159B1F3DFC680055EE5F /* RandomItemDetailViewController.swift in Sources */ = {isa = PBXBuildFile; fileRef = 3B7B159A1F3DFC680055EE5F /* RandomItemDetailViewController.swift */; };
		3B7B159D1F3DFDB30055EE5F /* HandlarzeDetailViewController.swift in Sources */ = {isa = PBXBuildFile; fileRef = 3B7B159C1F3DFDB30055EE5F /* HandlarzeDetailViewController.swift */; };
		3B7CE6251FC180A800A28DC8 /* CatalogeFilterPopover.swift in Sources */ = {isa = PBXBuildFile; fileRef = 3B7CE6241FC180A800A28DC8 /* CatalogeFilterPopover.swift */; };
		3B7D23051F43468D00A86F3E /* catalogeSendPopoverViewController.swift in Sources */ = {isa = PBXBuildFile; fileRef = 3B7D23041F43468D00A86F3E /* catalogeSendPopoverViewController.swift */; };
		3B7FCD961F3F784700AC4193 /* HandlarzeMenuViewController.swift in Sources */ = {isa = PBXBuildFile; fileRef = 3B7FCD951F3F784700AC4193 /* HandlarzeMenuViewController.swift */; };
		3B7FCD981F3F79C100AC4193 /* RandomItemMenuViewController.swift in Sources */ = {isa = PBXBuildFile; fileRef = 3B7FCD971F3F79C100AC4193 /* RandomItemMenuViewController.swift */; };
		3B806C931F3B497400A75CAA /* ItemMenuViewController.swift in Sources */ = {isa = PBXBuildFile; fileRef = 3B806C921F3B497400A75CAA /* ItemMenuViewController.swift */; };
		3B8F06B01F9792F100611C34 /* PackageViewer.swift in Sources */ = {isa = PBXBuildFile; fileRef = 3B8F06AF1F9792F100611C34 /* PackageViewer.swift */; };
		3B9779FC1F6D401900B2D23A /* Functions.swift in Sources */ = {isa = PBXBuildFile; fileRef = 3B063D761F3A259B00B5271C /* Functions.swift */; };
		3B9D6BD91FB8F89900474C71 /* ActionDelegate.swift in Sources */ = {isa = PBXBuildFile; fileRef = 3B9D6BD81FB8F89900474C71 /* ActionDelegate.swift */; };
		3BA8867D1F49A17D00C27542 /* DataModel.xcdatamodeld in Sources */ = {isa = PBXBuildFile; fileRef = 3BA8867B1F49A17D00C27542 /* DataModel.xcdatamodeld */; };
		3BAE89BE1F3F490C002B3FF3 /* Pods_RPGAapp.framework in Sources */ = {isa = PBXBuildFile; fileRef = BE1DDFB58330F4312E9F934A /* Pods_RPGAapp.framework */; };
		3BBBBE89201A875800ECA86A /* LoadData.swift in Sources */ = {isa = PBXBuildFile; fileRef = 3BBBBE88201A875800ECA86A /* LoadData.swift */; };
		3BBCC477201CDE81005AE5C3 /* Data Classes in Resources */ = {isa = PBXBuildFile; fileRef = 3BBCC476201CDE81005AE5C3 /* Data Classes */; };
		3BCD73801F3C4E1400B35D75 /* TeamView.swift in Sources */ = {isa = PBXBuildFile; fileRef = 3BCD737F1F3C4E1400B35D75 /* TeamView.swift */; };
		3BD3358B1FF28B2E004F70BF /* RPGAappUITests.swift in Sources */ = {isa = PBXBuildFile; fileRef = 3BD3358A1FF28B2E004F70BF /* RPGAappUITests.swift */; };
		3BD335931FF291DC004F70BF /* drawingTest.swift in Sources */ = {isa = PBXBuildFile; fileRef = 3BD335921FF291DC004F70BF /* drawingTest.swift */; };
		3BDF0FEB1F5C946100135252 /* addToPackage.swift in Sources */ = {isa = PBXBuildFile; fileRef = 3BDF0FEA1F5C946100135252 /* addToPackage.swift */; };
		3BECB6CC1FBA53BA00A947E9 /* addCharacter.swift in Sources */ = {isa = PBXBuildFile; fileRef = 3BECB6CB1FBA53BA00A947E9 /* addCharacter.swift */; };
		3BF480AF1F44DBF50017169D /* ShowInfoPopOver.swift in Sources */ = {isa = PBXBuildFile; fileRef = 3BF480AE1F44DBF50017169D /* ShowInfoPopOver.swift */; };
		3BF5EACB20A71E9C005FD6BC /* ItemRequester.swift in Sources */ = {isa = PBXBuildFile; fileRef = 3BF5EACA20A71E9C005FD6BC /* ItemRequester.swift */; };
		3BF5EACD20A72507005FD6BC /* DataPacker.swift in Sources */ = {isa = PBXBuildFile; fileRef = 3BF5EACC20A72507005FD6BC /* DataPacker.swift */; };
		3BFEFA251F570A69008B0C12 /* CoreData.framework in Frameworks */ = {isa = PBXBuildFile; fileRef = 3BFEFA241F570A69008B0C12 /* CoreData.framework */; };
		3BFEFA291F5711D6008B0C12 /* CoreDataStack.swift in Sources */ = {isa = PBXBuildFile; fileRef = 3BFEFA281F5711D6008B0C12 /* CoreDataStack.swift */; };
/* End PBXBuildFile section */

/* Begin PBXContainerItemProxy section */
		3B73F9221F8FB04900EA7E6A /* PBXContainerItemProxy */ = {
			isa = PBXContainerItemProxy;
			containerPortal = 3B063D571F3A21A800B5271C /* Project object */;
			proxyType = 1;
			remoteGlobalIDString = 3B063D5E1F3A21A800B5271C;
			remoteInfo = RPGAapp;
		};
		3BD3358D1FF28B2E004F70BF /* PBXContainerItemProxy */ = {
			isa = PBXContainerItemProxy;
			containerPortal = 3B063D571F3A21A800B5271C /* Project object */;
			proxyType = 1;
			remoteGlobalIDString = 3B063D5E1F3A21A800B5271C;
			remoteInfo = RPGAapp;
		};
/* End PBXContainerItemProxy section */

/* Begin PBXCopyFilesBuildPhase section */
		3B3D3CBC1FFAD07B00AA9D0B /* Embed Frameworks */ = {
			isa = PBXCopyFilesBuildPhase;
			buildActionMask = 2147483647;
			dstPath = "";
			dstSubfolderSpec = 10;
			files = (
				3B3D3CBB1FFAD07B00AA9D0B /* Dwifft.framework in Embed Frameworks */,
			);
			name = "Embed Frameworks";
			runOnlyForDeploymentPostprocessing = 0;
		};
/* End PBXCopyFilesBuildPhase section */

/* Begin PBXFileReference section */
		3B063D5F1F3A21A800B5271C /* RPGAapp.app */ = {isa = PBXFileReference; explicitFileType = wrapper.application; includeInIndex = 0; path = RPGAapp.app; sourceTree = BUILT_PRODUCTS_DIR; };
		3B063D621F3A21A800B5271C /* AppDelegate.swift */ = {isa = PBXFileReference; lastKnownFileType = sourcecode.swift; path = AppDelegate.swift; sourceTree = "<group>"; };
		3B063D641F3A21A800B5271C /* MasterViewController.swift */ = {isa = PBXFileReference; lastKnownFileType = sourcecode.swift; path = MasterViewController.swift; sourceTree = "<group>"; };
		3B063D691F3A21A800B5271C /* Base */ = {isa = PBXFileReference; lastKnownFileType = file.storyboard; name = Base; path = Base.lproj/Main.storyboard; sourceTree = "<group>"; };
		3B063D6B1F3A21A800B5271C /* Assets.xcassets */ = {isa = PBXFileReference; lastKnownFileType = folder.assetcatalog; path = Assets.xcassets; sourceTree = "<group>"; };
		3B063D6E1F3A21A800B5271C /* Base */ = {isa = PBXFileReference; lastKnownFileType = file.storyboard; name = Base; path = Base.lproj/LaunchScreen.storyboard; sourceTree = "<group>"; };
		3B063D701F3A21A800B5271C /* Info.plist */ = {isa = PBXFileReference; lastKnownFileType = text.plist.xml; path = Info.plist; sourceTree = "<group>"; };
		3B063D761F3A259B00B5271C /* Functions.swift */ = {isa = PBXFileReference; fileEncoding = 4; lastKnownFileType = sourcecode.swift; lineEnding = 0; path = Functions.swift; sourceTree = "<group>"; wrapsLines = 1; };
		3B2367DB1F5DE2C800A9EF70 /* editPackage.swift */ = {isa = PBXFileReference; fileEncoding = 4; lastKnownFileType = sourcecode.swift; path = editPackage.swift; sourceTree = "<group>"; };
		3B2367DD1F5DE3A900A9EF70 /* editDrawSetting.swift */ = {isa = PBXFileReference; fileEncoding = 4; lastKnownFileType = sourcecode.swift; path = editDrawSetting.swift; sourceTree = "<group>"; };
		3B295D8520A8E326001DC35D /* DiceRollModels.swift */ = {isa = PBXFileReference; fileEncoding = 4; lastKnownFileType = sourcecode.swift; path = DiceRollModels.swift; sourceTree = "<group>"; };
		3B295D8720A8E3C4001DC35D /* DiceRollFunctions.swift */ = {isa = PBXFileReference; fileEncoding = 4; lastKnownFileType = sourcecode.swift; path = DiceRollFunctions.swift; sourceTree = "<group>"; };
		3B31B3E51F3B67A6003526E1 /* KatalogMenuViewController.swift */ = {isa = PBXFileReference; fileEncoding = 4; lastKnownFileType = sourcecode.swift; path = KatalogMenuViewController.swift; sourceTree = "<group>"; };
		3B31B3E71F3B7622003526E1 /* CatalogeDetailViewController.swift */ = {isa = PBXFileReference; fileEncoding = 4; lastKnownFileType = sourcecode.swift; path = CatalogeDetailViewController.swift; sourceTree = "<group>"; };
		3B3C052C1F3BBA8100CFB002 /* SettingsMenuViewController.swift */ = {isa = PBXFileReference; fileEncoding = 4; lastKnownFileType = sourcecode.swift; path = SettingsMenuViewController.swift; sourceTree = "<group>"; xcLanguageSpecificationIdentifier = xcode.lang.swift; };
		3B3C05301F3BC1D600CFB002 /* MapViewController.swift */ = {isa = PBXFileReference; fileEncoding = 4; lastKnownFileType = sourcecode.swift; path = MapViewController.swift; sourceTree = "<group>"; };
		3B48ED6220A9CB2900DAA7CC /* TeamViewCell.swift */ = {isa = PBXFileReference; fileEncoding = 4; lastKnownFileType = sourcecode.swift; path = TeamViewCell.swift; sourceTree = "<group>"; };
		3B48ED6420A9D63600DAA7CC /* TeamViewCellSubCells.swift */ = {isa = PBXFileReference; fileEncoding = 4; lastKnownFileType = sourcecode.swift; path = TeamViewCellSubCells.swift; sourceTree = "<group>"; };
		3B50DC011F40EB6B0040DCCC /* MPManager.swift */ = {isa = PBXFileReference; fileEncoding = 4; lastKnownFileType = sourcecode.swift; path = MPManager.swift; sourceTree = "<group>"; };
		3B588DFF1FF30C0500715440 /* randomUserTests.swift */ = {isa = PBXFileReference; fileEncoding = 4; lastKnownFileType = sourcecode.swift; path = randomUserTests.swift; sourceTree = "<group>"; };
		3B73F91D1F8FB04900EA7E6A /* RPGAappTests.xctest */ = {isa = PBXFileReference; explicitFileType = wrapper.cfbundle; includeInIndex = 0; path = RPGAappTests.xctest; sourceTree = BUILT_PRODUCTS_DIR; };
		3B73F9211F8FB04900EA7E6A /* Info.plist */ = {isa = PBXFileReference; lastKnownFileType = text.plist.xml; path = Info.plist; sourceTree = "<group>"; };
		3B7778CA1FD9C3D300F56F04 /* RandomNumberGenerator.swift */ = {isa = PBXFileReference; fileEncoding = 4; lastKnownFileType = sourcecode.swift; path = RandomNumberGenerator.swift; sourceTree = "<group>"; };
		3B7B159A1F3DFC680055EE5F /* RandomItemDetailViewController.swift */ = {isa = PBXFileReference; fileEncoding = 4; lastKnownFileType = sourcecode.swift; path = RandomItemDetailViewController.swift; sourceTree = "<group>"; };
		3B7B159C1F3DFDB30055EE5F /* HandlarzeDetailViewController.swift */ = {isa = PBXFileReference; fileEncoding = 4; lastKnownFileType = sourcecode.swift; path = HandlarzeDetailViewController.swift; sourceTree = "<group>"; };
		3B7CE6241FC180A800A28DC8 /* CatalogeFilterPopover.swift */ = {isa = PBXFileReference; fileEncoding = 4; lastKnownFileType = sourcecode.swift; path = CatalogeFilterPopover.swift; sourceTree = "<group>"; };
		3B7D23041F43468D00A86F3E /* catalogeSendPopoverViewController.swift */ = {isa = PBXFileReference; fileEncoding = 4; lastKnownFileType = sourcecode.swift; path = catalogeSendPopoverViewController.swift; sourceTree = "<group>"; };
		3B7FCD951F3F784700AC4193 /* HandlarzeMenuViewController.swift */ = {isa = PBXFileReference; fileEncoding = 4; lastKnownFileType = sourcecode.swift; path = HandlarzeMenuViewController.swift; sourceTree = "<group>"; };
		3B7FCD971F3F79C100AC4193 /* RandomItemMenuViewController.swift */ = {isa = PBXFileReference; fileEncoding = 4; lastKnownFileType = sourcecode.swift; path = RandomItemMenuViewController.swift; sourceTree = "<group>"; };
		3B806C921F3B497400A75CAA /* ItemMenuViewController.swift */ = {isa = PBXFileReference; fileEncoding = 4; lastKnownFileType = sourcecode.swift; path = ItemMenuViewController.swift; sourceTree = "<group>"; };
		3B8F06AF1F9792F100611C34 /* PackageViewer.swift */ = {isa = PBXFileReference; fileEncoding = 4; lastKnownFileType = sourcecode.swift; path = PackageViewer.swift; sourceTree = "<group>"; };
		3B9D6BD81FB8F89900474C71 /* ActionDelegate.swift */ = {isa = PBXFileReference; fileEncoding = 4; lastKnownFileType = sourcecode.swift; path = ActionDelegate.swift; sourceTree = "<group>"; };
		3BA35D0F1FF59E8F00FB40AC /* Dwifft.framework */ = {isa = PBXFileReference; explicitFileType = wrapper.framework; path = Dwifft.framework; sourceTree = BUILT_PRODUCTS_DIR; };
		3BA8867C1F49A17D00C27542 /* DataModel.xcdatamodel */ = {isa = PBXFileReference; lastKnownFileType = wrapper.xcdatamodel; path = DataModel.xcdatamodel; sourceTree = "<group>"; };
		3BBBBE88201A875800ECA86A /* LoadData.swift */ = {isa = PBXFileReference; fileEncoding = 4; lastKnownFileType = sourcecode.swift; path = LoadData.swift; sourceTree = "<group>"; };
		3BBCC476201CDE81005AE5C3 /* Data Classes */ = {isa = PBXFileReference; lastKnownFileType = folder; path = "Data Classes"; sourceTree = "<group>"; };
		3BCD737F1F3C4E1400B35D75 /* TeamView.swift */ = {isa = PBXFileReference; fileEncoding = 4; lastKnownFileType = sourcecode.swift; path = TeamView.swift; sourceTree = "<group>"; };
		3BD335881FF28B2E004F70BF /* RPGAappUITests.xctest */ = {isa = PBXFileReference; explicitFileType = wrapper.cfbundle; includeInIndex = 0; path = RPGAappUITests.xctest; sourceTree = BUILT_PRODUCTS_DIR; };
		3BD3358A1FF28B2E004F70BF /* RPGAappUITests.swift */ = {isa = PBXFileReference; lastKnownFileType = sourcecode.swift; path = RPGAappUITests.swift; sourceTree = "<group>"; };
		3BD3358C1FF28B2E004F70BF /* Info.plist */ = {isa = PBXFileReference; lastKnownFileType = text.plist.xml; path = Info.plist; sourceTree = "<group>"; };
		3BD335921FF291DC004F70BF /* drawingTest.swift */ = {isa = PBXFileReference; fileEncoding = 4; lastKnownFileType = sourcecode.swift; name = drawingTest.swift; path = ../RPGAapp/drawingTest.swift; sourceTree = "<group>"; };
		3BDF0FEA1F5C946100135252 /* addToPackage.swift */ = {isa = PBXFileReference; fileEncoding = 4; lastKnownFileType = sourcecode.swift; path = addToPackage.swift; sourceTree = "<group>"; };
		3BECB6CB1FBA53BA00A947E9 /* addCharacter.swift */ = {isa = PBXFileReference; fileEncoding = 4; lastKnownFileType = sourcecode.swift; path = addCharacter.swift; sourceTree = "<group>"; };
		3BF480AE1F44DBF50017169D /* ShowInfoPopOver.swift */ = {isa = PBXFileReference; fileEncoding = 4; lastKnownFileType = sourcecode.swift; path = ShowInfoPopOver.swift; sourceTree = "<group>"; };
		3BF5EACA20A71E9C005FD6BC /* ItemRequester.swift */ = {isa = PBXFileReference; fileEncoding = 4; lastKnownFileType = sourcecode.swift; path = ItemRequester.swift; sourceTree = "<group>"; };
		3BF5EACC20A72507005FD6BC /* DataPacker.swift */ = {isa = PBXFileReference; fileEncoding = 4; lastKnownFileType = sourcecode.swift; path = DataPacker.swift; sourceTree = "<group>"; };
		3BFEFA241F570A69008B0C12 /* CoreData.framework */ = {isa = PBXFileReference; lastKnownFileType = wrapper.framework; name = CoreData.framework; path = System/Library/Frameworks/CoreData.framework; sourceTree = SDKROOT; };
		3BFEFA281F5711D6008B0C12 /* CoreDataStack.swift */ = {isa = PBXFileReference; fileEncoding = 4; lastKnownFileType = sourcecode.swift; name = CoreDataStack.swift; path = ../CoreDataStack.swift; sourceTree = "<group>"; };
		8AB0BAF53BA80927A2237D45 /* Pods-RPGAapp.release.xcconfig */ = {isa = PBXFileReference; includeInIndex = 1; lastKnownFileType = text.xcconfig; name = "Pods-RPGAapp.release.xcconfig"; path = "Pods/Target Support Files/Pods-RPGAapp/Pods-RPGAapp.release.xcconfig"; sourceTree = "<group>"; };
		B8C303BEBA01DB42BEEC4272 /* Pods-RPGAapp.debug.xcconfig */ = {isa = PBXFileReference; includeInIndex = 1; lastKnownFileType = text.xcconfig; name = "Pods-RPGAapp.debug.xcconfig"; path = "Pods/Target Support Files/Pods-RPGAapp/Pods-RPGAapp.debug.xcconfig"; sourceTree = "<group>"; };
		BE1DDFB58330F4312E9F934A /* Pods_RPGAapp.framework */ = {isa = PBXFileReference; explicitFileType = wrapper.framework; includeInIndex = 0; path = Pods_RPGAapp.framework; sourceTree = BUILT_PRODUCTS_DIR; };
/* End PBXFileReference section */

/* Begin PBXFrameworksBuildPhase section */
		3B063D5C1F3A21A800B5271C /* Frameworks */ = {
			isa = PBXFrameworksBuildPhase;
			buildActionMask = 2147483647;
			files = (
				3BFEFA251F570A69008B0C12 /* CoreData.framework in Frameworks */,
				3B3D3CBA1FFAD07B00AA9D0B /* Dwifft.framework in Frameworks */,
				12F51BB5C46DBD12E46D0BD5 /* Pods_RPGAapp.framework in Frameworks */,
			);
			runOnlyForDeploymentPostprocessing = 0;
		};
		3B73F91A1F8FB04900EA7E6A /* Frameworks */ = {
			isa = PBXFrameworksBuildPhase;
			buildActionMask = 2147483647;
			files = (
			);
			runOnlyForDeploymentPostprocessing = 0;
		};
		3BD335851FF28B2E004F70BF /* Frameworks */ = {
			isa = PBXFrameworksBuildPhase;
			buildActionMask = 2147483647;
			files = (
			);
			runOnlyForDeploymentPostprocessing = 0;
		};
/* End PBXFrameworksBuildPhase section */

/* Begin PBXGroup section */
		3B063D561F3A21A800B5271C = {
			isa = PBXGroup;
			children = (
				3B063D611F3A21A800B5271C /* RPGAapp */,
				3B73F91E1F8FB04900EA7E6A /* RPGAappTests */,
				3BD335891FF28B2E004F70BF /* RPGAappUITests */,
				3B063D601F3A21A800B5271C /* Products */,
				CB81D7CA0204AF3DDF488BBA /* Frameworks */,
				720AED23FB42C467F5CA1912 /* Pods */,
			);
			sourceTree = "<group>";
		};
		3B063D601F3A21A800B5271C /* Products */ = {
			isa = PBXGroup;
			children = (
				3B063D5F1F3A21A800B5271C /* RPGAapp.app */,
				3B73F91D1F8FB04900EA7E6A /* RPGAappTests.xctest */,
				3BD335881FF28B2E004F70BF /* RPGAappUITests.xctest */,
			);
			name = Products;
			sourceTree = "<group>";
		};
		3B063D611F3A21A800B5271C /* RPGAapp */ = {
			isa = PBXGroup;
			children = (
				3B063D621F3A21A800B5271C /* AppDelegate.swift */,
				3B063D681F3A21A800B5271C /* Main.storyboard */,
				3B063D6D1F3A21A800B5271C /* LaunchScreen.storyboard */,
				3B3C052E1F3BBE3E00CFB002 /* Menu */,
				3B3C052F1F3BBE4E00CFB002 /* Detail */,
				3BF480AD1F44DBC50017169D /* Popover */,
				3B9D6BDC1FB907E100474C71 /* Networking */,
				3B9D6BDD1FB907F400474C71 /* Data */,
				3BBCC476201CDE81005AE5C3 /* Data Classes */,
				3B295D8420A8E303001DC35D /* Utilities */,
			);
			path = RPGAapp;
			sourceTree = "<group>";
		};
		3B295D8420A8E303001DC35D /* Utilities */ = {
			isa = PBXGroup;
			children = (
				3B063D761F3A259B00B5271C /* Functions.swift */,
				3B295D8520A8E326001DC35D /* DiceRollModels.swift */,
				3B295D8720A8E3C4001DC35D /* DiceRollFunctions.swift */,
			);
			name = Utilities;
			sourceTree = "<group>";
		};
		3B3C052E1F3BBE3E00CFB002 /* Menu */ = {
			isa = PBXGroup;
			children = (
				3B063D641F3A21A800B5271C /* MasterViewController.swift */,
				3B806C921F3B497400A75CAA /* ItemMenuViewController.swift */,
				3B31B3E51F3B67A6003526E1 /* KatalogMenuViewController.swift */,
				3B3C052C1F3BBA8100CFB002 /* SettingsMenuViewController.swift */,
				3B7FCD951F3F784700AC4193 /* HandlarzeMenuViewController.swift */,
				3B7FCD971F3F79C100AC4193 /* RandomItemMenuViewController.swift */,
				3B8F06AF1F9792F100611C34 /* PackageViewer.swift */,
				3B7778CA1FD9C3D300F56F04 /* RandomNumberGenerator.swift */,
			);
			name = Menu;
			sourceTree = "<group>";
		};
		3B3C052F1F3BBE4E00CFB002 /* Detail */ = {
			isa = PBXGroup;
			children = (
				3B31B3E71F3B7622003526E1 /* CatalogeDetailViewController.swift */,
				3B3C05301F3BC1D600CFB002 /* MapViewController.swift */,
				3B7B159A1F3DFC680055EE5F /* RandomItemDetailViewController.swift */,
				3B7B159C1F3DFDB30055EE5F /* HandlarzeDetailViewController.swift */,
				3BCD737F1F3C4E1400B35D75 /* TeamView.swift */,
				3B48ED6220A9CB2900DAA7CC /* TeamViewCell.swift */,
				3B48ED6420A9D63600DAA7CC /* TeamViewCellSubCells.swift */,
			);
			name = Detail;
			sourceTree = "<group>";
		};
		3B73F91E1F8FB04900EA7E6A /* RPGAappTests */ = {
			isa = PBXGroup;
			children = (
				3BD335921FF291DC004F70BF /* drawingTest.swift */,
				3B73F9211F8FB04900EA7E6A /* Info.plist */,
			);
			path = RPGAappTests;
			sourceTree = "<group>";
		};
		3B9D6BDC1FB907E100474C71 /* Networking */ = {
			isa = PBXGroup;
			children = (
				3B9D6BD81FB8F89900474C71 /* ActionDelegate.swift */,
				3B50DC011F40EB6B0040DCCC /* MPManager.swift */,
			);
			name = Networking;
			sourceTree = "<group>";
		};
		3B9D6BDD1FB907F400474C71 /* Data */ = {
			isa = PBXGroup;
			children = (
				3B063D6B1F3A21A800B5271C /* Assets.xcassets */,
				3B063D701F3A21A800B5271C /* Info.plist */,
				3BFEFA281F5711D6008B0C12 /* CoreDataStack.swift */,
				3BA8867B1F49A17D00C27542 /* DataModel.xcdatamodeld */,
				3BBBBE88201A875800ECA86A /* LoadData.swift */,
				3BF5EACA20A71E9C005FD6BC /* ItemRequester.swift */,
				3BF5EACC20A72507005FD6BC /* DataPacker.swift */,
			);
			name = Data;
			sourceTree = "<group>";
		};
		3BD335891FF28B2E004F70BF /* RPGAappUITests */ = {
			isa = PBXGroup;
			children = (
				3B588DFF1FF30C0500715440 /* randomUserTests.swift */,
				3BD3358A1FF28B2E004F70BF /* RPGAappUITests.swift */,
				3BD3358C1FF28B2E004F70BF /* Info.plist */,
			);
			path = RPGAappUITests;
			sourceTree = "<group>";
		};
		3BF480AD1F44DBC50017169D /* Popover */ = {
			isa = PBXGroup;
			children = (
				3B7D23041F43468D00A86F3E /* catalogeSendPopoverViewController.swift */,
				3BF480AE1F44DBF50017169D /* ShowInfoPopOver.swift */,
				3BECB6CB1FBA53BA00A947E9 /* addCharacter.swift */,
				3BDF0FEA1F5C946100135252 /* addToPackage.swift */,
				3B2367DB1F5DE2C800A9EF70 /* editPackage.swift */,
				3B2367DD1F5DE3A900A9EF70 /* editDrawSetting.swift */,
				3B7CE6241FC180A800A28DC8 /* CatalogeFilterPopover.swift */,
			);
			name = Popover;
			sourceTree = "<group>";
		};
		720AED23FB42C467F5CA1912 /* Pods */ = {
			isa = PBXGroup;
			children = (
				B8C303BEBA01DB42BEEC4272 /* Pods-RPGAapp.debug.xcconfig */,
				8AB0BAF53BA80927A2237D45 /* Pods-RPGAapp.release.xcconfig */,
			);
			name = Pods;
			sourceTree = "<group>";
		};
		CB81D7CA0204AF3DDF488BBA /* Frameworks */ = {
			isa = PBXGroup;
			children = (
				3BA35D0F1FF59E8F00FB40AC /* Dwifft.framework */,
				3BFEFA241F570A69008B0C12 /* CoreData.framework */,
				BE1DDFB58330F4312E9F934A /* Pods_RPGAapp.framework */,
			);
			name = Frameworks;
			sourceTree = "<group>";
		};
/* End PBXGroup section */

/* Begin PBXNativeTarget section */
		3B063D5E1F3A21A800B5271C /* RPGAapp */ = {
			isa = PBXNativeTarget;
			buildConfigurationList = 3B063D731F3A21A800B5271C /* Build configuration list for PBXNativeTarget "RPGAapp" */;
			buildPhases = (
				8C38864759148D99E6708452 /* [CP] Check Pods Manifest.lock */,
				3B063D5B1F3A21A800B5271C /* Sources */,
				3B063D5D1F3A21A800B5271C /* Resources */,
				3B063D5C1F3A21A800B5271C /* Frameworks */,
				AA67172CAE17E32BD0F151D2 /* [CP] Embed Pods Frameworks */,
				FAA1336C59A3703269C6978F /* [CP] Copy Pods Resources */,
				3B3D3CBC1FFAD07B00AA9D0B /* Embed Frameworks */,
			);
			buildRules = (
			);
			dependencies = (
			);
			name = RPGAapp;
			productName = RPGAapp;
			productReference = 3B063D5F1F3A21A800B5271C /* RPGAapp.app */;
			productType = "com.apple.product-type.application";
		};
		3B73F91C1F8FB04900EA7E6A /* RPGAappTests */ = {
			isa = PBXNativeTarget;
			buildConfigurationList = 3B73F9241F8FB04900EA7E6A /* Build configuration list for PBXNativeTarget "RPGAappTests" */;
			buildPhases = (
				3B73F9191F8FB04900EA7E6A /* Sources */,
				3B73F91A1F8FB04900EA7E6A /* Frameworks */,
				3B73F91B1F8FB04900EA7E6A /* Resources */,
			);
			buildRules = (
			);
			dependencies = (
				3B73F9231F8FB04900EA7E6A /* PBXTargetDependency */,
			);
			name = RPGAappTests;
			productName = RPGAappTests;
			productReference = 3B73F91D1F8FB04900EA7E6A /* RPGAappTests.xctest */;
			productType = "com.apple.product-type.bundle.unit-test";
		};
		3BD335871FF28B2E004F70BF /* RPGAappUITests */ = {
			isa = PBXNativeTarget;
			buildConfigurationList = 3BD3358F1FF28B2E004F70BF /* Build configuration list for PBXNativeTarget "RPGAappUITests" */;
			buildPhases = (
				3BD335841FF28B2E004F70BF /* Sources */,
				3BD335851FF28B2E004F70BF /* Frameworks */,
				3BD335861FF28B2E004F70BF /* Resources */,
			);
			buildRules = (
			);
			dependencies = (
				3BD3358E1FF28B2E004F70BF /* PBXTargetDependency */,
			);
			name = RPGAappUITests;
			productName = RPGAappUITests;
			productReference = 3BD335881FF28B2E004F70BF /* RPGAappUITests.xctest */;
			productType = "com.apple.product-type.bundle.ui-testing";
		};
/* End PBXNativeTarget section */

/* Begin PBXProject section */
		3B063D571F3A21A800B5271C /* Project object */ = {
			isa = PBXProject;
			attributes = {
				LastSwiftUpdateCheck = 0830;
				LastUpgradeCheck = 0830;
				ORGANIZATIONNAME = Jakub;
				TargetAttributes = {
					3B063D5E1F3A21A800B5271C = {
						CreatedOnToolsVersion = 8.3.3;
						DevelopmentTeam = SMH62TPPHV;
						ProvisioningStyle = Automatic;
						SystemCapabilities = {
							com.apple.BackgroundModes = {
								enabled = 0;
							};
							com.apple.InterAppAudio = {
								enabled = 0;
							};
							com.apple.Siri = {
								enabled = 0;
							};
						};
					};
					3B73F91C1F8FB04900EA7E6A = {
						CreatedOnToolsVersion = 8.3.3;
						ProvisioningStyle = Automatic;
						TestTargetID = 3B063D5E1F3A21A800B5271C;
					};
					3BD335871FF28B2E004F70BF = {
						CreatedOnToolsVersion = 8.3.3;
						ProvisioningStyle = Automatic;
						TestTargetID = 3B063D5E1F3A21A800B5271C;
					};
				};
			};
			buildConfigurationList = 3B063D5A1F3A21A800B5271C /* Build configuration list for PBXProject "RPGAapp" */;
			compatibilityVersion = "Xcode 3.2";
			developmentRegion = English;
			hasScannedForEncodings = 0;
			knownRegions = (
				en,
				Base,
			);
			mainGroup = 3B063D561F3A21A800B5271C;
			productRefGroup = 3B063D601F3A21A800B5271C /* Products */;
			projectDirPath = "";
			projectRoot = "";
			targets = (
				3B063D5E1F3A21A800B5271C /* RPGAapp */,
				3B73F91C1F8FB04900EA7E6A /* RPGAappTests */,
				3BD335871FF28B2E004F70BF /* RPGAappUITests */,
			);
		};
/* End PBXProject section */

/* Begin PBXResourcesBuildPhase section */
		3B063D5D1F3A21A800B5271C /* Resources */ = {
			isa = PBXResourcesBuildPhase;
			buildActionMask = 2147483647;
			files = (
				3BBCC477201CDE81005AE5C3 /* Data Classes in Resources */,
				3B063D6F1F3A21A800B5271C /* LaunchScreen.storyboard in Resources */,
				3B063D6C1F3A21A800B5271C /* Assets.xcassets in Resources */,
				3B063D6A1F3A21A800B5271C /* Main.storyboard in Resources */,
			);
			runOnlyForDeploymentPostprocessing = 0;
		};
		3B73F91B1F8FB04900EA7E6A /* Resources */ = {
			isa = PBXResourcesBuildPhase;
			buildActionMask = 2147483647;
			files = (
			);
			runOnlyForDeploymentPostprocessing = 0;
		};
		3BD335861FF28B2E004F70BF /* Resources */ = {
			isa = PBXResourcesBuildPhase;
			buildActionMask = 2147483647;
			files = (
			);
			runOnlyForDeploymentPostprocessing = 0;
		};
/* End PBXResourcesBuildPhase section */

/* Begin PBXShellScriptBuildPhase section */
		8C38864759148D99E6708452 /* [CP] Check Pods Manifest.lock */ = {
			isa = PBXShellScriptBuildPhase;
			buildActionMask = 2147483647;
			files = (
			);
			inputPaths = (
			);
			name = "[CP] Check Pods Manifest.lock";
			outputPaths = (
			);
			runOnlyForDeploymentPostprocessing = 0;
			shellPath = /bin/sh;
			shellScript = "diff \"${PODS_ROOT}/../Podfile.lock\" \"${PODS_ROOT}/Manifest.lock\" > /dev/null\nif [ $? != 0 ] ; then\n    # print error to STDERR\n    echo \"error: The sandbox is not in sync with the Podfile.lock. Run 'pod install' or update your CocoaPods installation.\" >&2\n    exit 1\nfi\n";
			showEnvVarsInLog = 0;
		};
		AA67172CAE17E32BD0F151D2 /* [CP] Embed Pods Frameworks */ = {
			isa = PBXShellScriptBuildPhase;
			buildActionMask = 2147483647;
			files = (
			);
			inputPaths = (
			);
			name = "[CP] Embed Pods Frameworks";
			outputPaths = (
			);
			runOnlyForDeploymentPostprocessing = 0;
			shellPath = /bin/sh;
			shellScript = "\"${SRCROOT}/Pods/Target Support Files/Pods-RPGAapp/Pods-RPGAapp-frameworks.sh\"\n";
			showEnvVarsInLog = 0;
		};
		FAA1336C59A3703269C6978F /* [CP] Copy Pods Resources */ = {
			isa = PBXShellScriptBuildPhase;
			buildActionMask = 2147483647;
			files = (
			);
			inputPaths = (
			);
			name = "[CP] Copy Pods Resources";
			outputPaths = (
			);
			runOnlyForDeploymentPostprocessing = 0;
			shellPath = /bin/sh;
			shellScript = "\"${SRCROOT}/Pods/Target Support Files/Pods-RPGAapp/Pods-RPGAapp-resources.sh\"\n";
			showEnvVarsInLog = 0;
		};
/* End PBXShellScriptBuildPhase section */

/* Begin PBXSourcesBuildPhase section */
		3B063D5B1F3A21A800B5271C /* Sources */ = {
			isa = PBXSourcesBuildPhase;
			buildActionMask = 2147483647;
			files = (
				3BAE89BE1F3F490C002B3FF3 /* Pods_RPGAapp.framework in Sources */,
				3B9D6BD91FB8F89900474C71 /* ActionDelegate.swift in Sources */,
				3B3C05311F3BC1D600CFB002 /* MapViewController.swift in Sources */,
				3B50DC021F40EB6B0040DCCC /* MPManager.swift in Sources */,
				3B7B159D1F3DFDB30055EE5F /* HandlarzeDetailViewController.swift in Sources */,
				3BF480AF1F44DBF50017169D /* ShowInfoPopOver.swift in Sources */,
				3BECB6CC1FBA53BA00A947E9 /* addCharacter.swift in Sources */,
				3B31B3E61F3B67A6003526E1 /* KatalogMenuViewController.swift in Sources */,
				3B31B3E81F3B7622003526E1 /* CatalogeDetailViewController.swift in Sources */,
				3B063D651F3A21A800B5271C /* MasterViewController.swift in Sources */,
				3B2367DC1F5DE2C800A9EF70 /* editPackage.swift in Sources */,
				3B9779FC1F6D401900B2D23A /* Functions.swift in Sources */,
				3B063D631F3A21A800B5271C /* AppDelegate.swift in Sources */,
				3B2367DE1F5DE3A900A9EF70 /* editDrawSetting.swift in Sources */,
				3BA8867D1F49A17D00C27542 /* DataModel.xcdatamodeld in Sources */,
				3BBBBE89201A875800ECA86A /* LoadData.swift in Sources */,
				3B7B159B1F3DFC680055EE5F /* RandomItemDetailViewController.swift in Sources */,
				3BF5EACB20A71E9C005FD6BC /* ItemRequester.swift in Sources */,
				3B7D23051F43468D00A86F3E /* catalogeSendPopoverViewController.swift in Sources */,
				3BFEFA291F5711D6008B0C12 /* CoreDataStack.swift in Sources */,
				3B48ED6520A9D63600DAA7CC /* TeamViewCellSubCells.swift in Sources */,
				3BDF0FEB1F5C946100135252 /* addToPackage.swift in Sources */,
				3B8F06B01F9792F100611C34 /* PackageViewer.swift in Sources */,
				3B295D8820A8E3C4001DC35D /* DiceRollFunctions.swift in Sources */,
				3B3C052D1F3BBA8100CFB002 /* SettingsMenuViewController.swift in Sources */,
				3B7FCD961F3F784700AC4193 /* HandlarzeMenuViewController.swift in Sources */,
				3B295D8620A8E326001DC35D /* DiceRollModels.swift in Sources */,
				3B806C931F3B497400A75CAA /* ItemMenuViewController.swift in Sources */,
				3B7FCD981F3F79C100AC4193 /* RandomItemMenuViewController.swift in Sources */,
				3B7CE6251FC180A800A28DC8 /* CatalogeFilterPopover.swift in Sources */,
				3BCD73801F3C4E1400B35D75 /* TeamView.swift in Sources */,
				3B48ED6320A9CB2900DAA7CC /* TeamViewCell.swift in Sources */,
				3B7778CB1FD9C3D300F56F04 /* RandomNumberGenerator.swift in Sources */,
				3BF5EACD20A72507005FD6BC /* DataPacker.swift in Sources */,
			);
			runOnlyForDeploymentPostprocessing = 0;
		};
		3B73F9191F8FB04900EA7E6A /* Sources */ = {
			isa = PBXSourcesBuildPhase;
			buildActionMask = 2147483647;
			files = (
				3BD335931FF291DC004F70BF /* drawingTest.swift in Sources */,
			);
			runOnlyForDeploymentPostprocessing = 0;
		};
		3BD335841FF28B2E004F70BF /* Sources */ = {
			isa = PBXSourcesBuildPhase;
			buildActionMask = 2147483647;
			files = (
				3BD3358B1FF28B2E004F70BF /* RPGAappUITests.swift in Sources */,
				3B588E001FF30C0500715440 /* randomUserTests.swift in Sources */,
			);
			runOnlyForDeploymentPostprocessing = 0;
		};
/* End PBXSourcesBuildPhase section */

/* Begin PBXTargetDependency section */
		3B73F9231F8FB04900EA7E6A /* PBXTargetDependency */ = {
			isa = PBXTargetDependency;
			target = 3B063D5E1F3A21A800B5271C /* RPGAapp */;
			targetProxy = 3B73F9221F8FB04900EA7E6A /* PBXContainerItemProxy */;
		};
		3BD3358E1FF28B2E004F70BF /* PBXTargetDependency */ = {
			isa = PBXTargetDependency;
			target = 3B063D5E1F3A21A800B5271C /* RPGAapp */;
			targetProxy = 3BD3358D1FF28B2E004F70BF /* PBXContainerItemProxy */;
		};
/* End PBXTargetDependency section */

/* Begin PBXVariantGroup section */
		3B063D681F3A21A800B5271C /* Main.storyboard */ = {
			isa = PBXVariantGroup;
			children = (
				3B063D691F3A21A800B5271C /* Base */,
			);
			name = Main.storyboard;
			sourceTree = "<group>";
		};
		3B063D6D1F3A21A800B5271C /* LaunchScreen.storyboard */ = {
			isa = PBXVariantGroup;
			children = (
				3B063D6E1F3A21A800B5271C /* Base */,
			);
			name = LaunchScreen.storyboard;
			sourceTree = "<group>";
		};
/* End PBXVariantGroup section */

/* Begin XCBuildConfiguration section */
		3B063D711F3A21A800B5271C /* Debug */ = {
			isa = XCBuildConfiguration;
			buildSettings = {
				ALWAYS_SEARCH_USER_PATHS = NO;
				CLANG_ANALYZER_NONNULL = YES;
				CLANG_ANALYZER_NUMBER_OBJECT_CONVERSION = YES_AGGRESSIVE;
				CLANG_CXX_LANGUAGE_STANDARD = "gnu++0x";
				CLANG_CXX_LIBRARY = "libc++";
				CLANG_ENABLE_MODULES = YES;
				CLANG_ENABLE_OBJC_ARC = YES;
				CLANG_WARN_BOOL_CONVERSION = YES;
				CLANG_WARN_CONSTANT_CONVERSION = YES;
				CLANG_WARN_DIRECT_OBJC_ISA_USAGE = YES_ERROR;
				CLANG_WARN_DOCUMENTATION_COMMENTS = YES;
				CLANG_WARN_EMPTY_BODY = YES;
				CLANG_WARN_ENUM_CONVERSION = YES;
				CLANG_WARN_INFINITE_RECURSION = YES;
				CLANG_WARN_INT_CONVERSION = YES;
				CLANG_WARN_OBJC_ROOT_CLASS = YES_ERROR;
				CLANG_WARN_SUSPICIOUS_MOVE = YES;
				CLANG_WARN_UNREACHABLE_CODE = YES;
				CLANG_WARN__DUPLICATE_METHOD_MATCH = YES;
				"CODE_SIGN_IDENTITY[sdk=iphoneos*]" = "iPhone Developer";
				COPY_PHASE_STRIP = NO;
				DEBUG_INFORMATION_FORMAT = "dwarf-with-dsym";
				ENABLE_STRICT_OBJC_MSGSEND = YES;
				ENABLE_TESTABILITY = YES;
				GCC_C_LANGUAGE_STANDARD = gnu99;
				GCC_DYNAMIC_NO_PIC = NO;
				GCC_NO_COMMON_BLOCKS = YES;
				GCC_OPTIMIZATION_LEVEL = 1;
				GCC_PREPROCESSOR_DEFINITIONS = (
					"DEBUG=1",
					"$(inherited)",
				);
				GCC_WARN_64_TO_32_BIT_CONVERSION = YES;
				GCC_WARN_ABOUT_RETURN_TYPE = YES_ERROR;
				GCC_WARN_UNDECLARED_SELECTOR = YES;
				GCC_WARN_UNINITIALIZED_AUTOS = YES_AGGRESSIVE;
				GCC_WARN_UNUSED_FUNCTION = YES;
				GCC_WARN_UNUSED_VARIABLE = YES;
				IPHONEOS_DEPLOYMENT_TARGET = 9.3;
				LLVM_LTO = NO;
				MTL_ENABLE_DEBUG_INFO = YES;
				ONLY_ACTIVE_ARCH = YES;
				OTHER_SWIFT_FLAGS = "";
				SDKROOT = iphoneos;
				SWIFT_ACTIVE_COMPILATION_CONDITIONS = DEBUG;
				SWIFT_OPTIMIZATION_LEVEL = "-Onone";
				SWIFT_VERSION = "";
				TARGETED_DEVICE_FAMILY = 2;
			};
			name = Debug;
		};
		3B063D721F3A21A800B5271C /* Release */ = {
			isa = XCBuildConfiguration;
			buildSettings = {
				ALWAYS_SEARCH_USER_PATHS = NO;
				CLANG_ANALYZER_NONNULL = YES;
				CLANG_ANALYZER_NUMBER_OBJECT_CONVERSION = YES_AGGRESSIVE;
				CLANG_CXX_LANGUAGE_STANDARD = "gnu++0x";
				CLANG_CXX_LIBRARY = "libc++";
				CLANG_ENABLE_MODULES = YES;
				CLANG_ENABLE_OBJC_ARC = YES;
				CLANG_WARN_BOOL_CONVERSION = YES;
				CLANG_WARN_CONSTANT_CONVERSION = YES;
				CLANG_WARN_DIRECT_OBJC_ISA_USAGE = YES_ERROR;
				CLANG_WARN_DOCUMENTATION_COMMENTS = YES;
				CLANG_WARN_EMPTY_BODY = YES;
				CLANG_WARN_ENUM_CONVERSION = YES;
				CLANG_WARN_INFINITE_RECURSION = YES;
				CLANG_WARN_INT_CONVERSION = YES;
				CLANG_WARN_OBJC_ROOT_CLASS = YES_ERROR;
				CLANG_WARN_SUSPICIOUS_MOVE = YES;
				CLANG_WARN_UNREACHABLE_CODE = YES;
				CLANG_WARN__DUPLICATE_METHOD_MATCH = YES;
				"CODE_SIGN_IDENTITY[sdk=iphoneos*]" = "iPhone Developer";
				COPY_PHASE_STRIP = NO;
				DEBUG_INFORMATION_FORMAT = "dwarf-with-dsym";
				ENABLE_NS_ASSERTIONS = NO;
				ENABLE_STRICT_OBJC_MSGSEND = YES;
				GCC_C_LANGUAGE_STANDARD = gnu99;
				GCC_NO_COMMON_BLOCKS = YES;
				GCC_OPTIMIZATION_LEVEL = fast;
				GCC_WARN_64_TO_32_BIT_CONVERSION = YES;
				GCC_WARN_ABOUT_RETURN_TYPE = YES_ERROR;
				GCC_WARN_UNDECLARED_SELECTOR = YES;
				GCC_WARN_UNINITIALIZED_AUTOS = YES_AGGRESSIVE;
				GCC_WARN_UNUSED_FUNCTION = YES;
				GCC_WARN_UNUSED_VARIABLE = YES;
				IPHONEOS_DEPLOYMENT_TARGET = 9.3;
				LLVM_LTO = YES;
				MTL_ENABLE_DEBUG_INFO = NO;
				OTHER_SWIFT_FLAGS = "-Xfrontend -debug-time-function-bodies";
				SDKROOT = iphoneos;
				SWIFT_OPTIMIZATION_LEVEL = "-Owholemodule";
				SWIFT_VERSION = "";
				TARGETED_DEVICE_FAMILY = 2;
				VALIDATE_PRODUCT = YES;
			};
			name = Release;
		};
		3B063D741F3A21A800B5271C /* Debug */ = {
			isa = XCBuildConfiguration;
			baseConfigurationReference = B8C303BEBA01DB42BEEC4272 /* Pods-RPGAapp.debug.xcconfig */;
			buildSettings = {
				ASSETCATALOG_COMPILER_APPICON_NAME = AppIcon;
				ASSETCATALOG_COMPILER_OPTIMIZATION = "";
				CLANG_USE_OPTIMIZATION_PROFILE = YES;
				CODE_SIGN_ENTITLEMENTS = "";
				CODE_SIGN_IDENTITY = "iPhone Developer: safffatttu@gmail.com (5GGSDAF87N)";
				"CODE_SIGN_IDENTITY[sdk=iphoneos*]" = "iPhone Developer";
				COPY_PHASE_STRIP = YES;
				DEAD_CODE_STRIPPING = YES;
				DEBUG_INFORMATION_FORMAT = "dwarf-with-dsym";
				DEVELOPMENT_TEAM = SMH62TPPHV;
				GCC_OPTIMIZATION_LEVEL = fast;
				GENERATE_PROFILING_CODE = NO;
				INFOPLIST_FILE = RPGAapp/Info.plist;
				IPHONEOS_DEPLOYMENT_TARGET = 9.3;
				LD_RUNPATH_SEARCH_PATHS = "$(inherited) @executable_path/Frameworks";
				LLVM_LTO = YES;
				OTHER_SWIFT_FLAGS = "$(inherited) \"-D\" \"COCOAPODS\" -Xfrontend -debug-time-function-bodies";
				PRODUCT_BUNDLE_IDENTIFIER = com.SS.RPGAapp;
				PRODUCT_NAME = "$(TARGET_NAME)";
				PROVISIONING_PROFILE_SPECIFIER = "";
				SWIFT_OPTIMIZATION_LEVEL = "-Owholemodule";
				SWIFT_VERSION = 3.0;
				TARGETED_DEVICE_FAMILY = "1,2";
			};
			name = Debug;
		};
		3B063D751F3A21A800B5271C /* Release */ = {
			isa = XCBuildConfiguration;
			baseConfigurationReference = 8AB0BAF53BA80927A2237D45 /* Pods-RPGAapp.release.xcconfig */;
			buildSettings = {
				ASSETCATALOG_COMPILER_APPICON_NAME = AppIcon;
				ASSETCATALOG_COMPILER_OPTIMIZATION = time;
				CLANG_USE_OPTIMIZATION_PROFILE = YES;
				CODE_SIGN_ENTITLEMENTS = "";
				CODE_SIGN_IDENTITY = "iPhone Developer: safffatttu@gmail.com (5GGSDAF87N)";
				"CODE_SIGN_IDENTITY[sdk=iphoneos*]" = "iPhone Developer";
				COPY_PHASE_STRIP = YES;
				DEVELOPMENT_TEAM = SMH62TPPHV;
				GCC_GENERATE_DEBUGGING_SYMBOLS = NO;
				GCC_OPTIMIZATION_LEVEL = fast;
				GENERATE_PROFILING_CODE = NO;
				INFOPLIST_FILE = RPGAapp/Info.plist;
				IPHONEOS_DEPLOYMENT_TARGET = 9.3;
				LD_RUNPATH_SEARCH_PATHS = "$(inherited) @executable_path/Frameworks";
				LLVM_LTO = YES;
				ONLY_ACTIVE_ARCH = YES;
				OTHER_SWIFT_FLAGS = "$(inherited) \"-D\" \"COCOAPODS\"";
				PRODUCT_BUNDLE_IDENTIFIER = com.SS.RPGAapp;
				PRODUCT_NAME = "$(TARGET_NAME)";
				SWIFT_OPTIMIZATION_LEVEL = "-Owholemodule";
				SWIFT_VERSION = 3.0;
				TARGETED_DEVICE_FAMILY = "1,2";
			};
			name = Release;
		};
		3B73F9251F8FB04900EA7E6A /* Debug */ = {
			isa = XCBuildConfiguration;
			buildSettings = {
				BUNDLE_LOADER = "$(TEST_HOST)";
				DEBUG_INFORMATION_FORMAT = dwarf;
				GCC_OPTIMIZATION_LEVEL = 0;
				INFOPLIST_FILE = RPGAappTests/Info.plist;
				IPHONEOS_DEPLOYMENT_TARGET = 10.3;
				LD_RUNPATH_SEARCH_PATHS = "$(inherited) @executable_path/Frameworks @loader_path/Frameworks";
				PRODUCT_BUNDLE_IDENTIFIER = com.SS.RPGAappTests;
				PRODUCT_NAME = "$(TARGET_NAME)";
				SWIFT_VERSION = 3.0;
				TEST_HOST = "$(BUILT_PRODUCTS_DIR)/RPGAapp.app/RPGAapp";
			};
			name = Debug;
		};
		3B73F9261F8FB04900EA7E6A /* Release */ = {
			isa = XCBuildConfiguration;
			buildSettings = {
				BUNDLE_LOADER = "$(TEST_HOST)";
				INFOPLIST_FILE = RPGAappTests/Info.plist;
				IPHONEOS_DEPLOYMENT_TARGET = 10.3;
				LD_RUNPATH_SEARCH_PATHS = "$(inherited) @executable_path/Frameworks @loader_path/Frameworks";
				PRODUCT_BUNDLE_IDENTIFIER = com.SS.RPGAappTests;
				PRODUCT_NAME = "$(TARGET_NAME)";
				SWIFT_VERSION = 3.0;
				TEST_HOST = "$(BUILT_PRODUCTS_DIR)/RPGAapp.app/RPGAapp";
			};
			name = Release;
		};
		3BD335901FF28B2E004F70BF /* Debug */ = {
			isa = XCBuildConfiguration;
			buildSettings = {
				DEBUG_INFORMATION_FORMAT = dwarf;
				GCC_OPTIMIZATION_LEVEL = 0;
				INFOPLIST_FILE = RPGAappUITests/Info.plist;
				IPHONEOS_DEPLOYMENT_TARGET = 10.3;
				LD_RUNPATH_SEARCH_PATHS = "$(inherited) @executable_path/Frameworks @loader_path/Frameworks";
				PRODUCT_BUNDLE_IDENTIFIER = com.SS.RPGAappUITests;
				PRODUCT_NAME = "$(TARGET_NAME)";
				SWIFT_VERSION = 3.0;
				TEST_TARGET_NAME = RPGAapp;
			};
			name = Debug;
		};
		3BD335911FF28B2E004F70BF /* Release */ = {
			isa = XCBuildConfiguration;
			buildSettings = {
				INFOPLIST_FILE = RPGAappUITests/Info.plist;
				IPHONEOS_DEPLOYMENT_TARGET = 10.3;
				LD_RUNPATH_SEARCH_PATHS = "$(inherited) @executable_path/Frameworks @loader_path/Frameworks";
				PRODUCT_BUNDLE_IDENTIFIER = com.SS.RPGAappUITests;
				PRODUCT_NAME = "$(TARGET_NAME)";
				SWIFT_VERSION = 3.0;
				TEST_TARGET_NAME = RPGAapp;
			};
			name = Release;
		};
/* End XCBuildConfiguration section */

/* Begin XCConfigurationList section */
		3B063D5A1F3A21A800B5271C /* Build configuration list for PBXProject "RPGAapp" */ = {
			isa = XCConfigurationList;
			buildConfigurations = (
				3B063D711F3A21A800B5271C /* Debug */,
				3B063D721F3A21A800B5271C /* Release */,
			);
			defaultConfigurationIsVisible = 0;
			defaultConfigurationName = Release;
		};
		3B063D731F3A21A800B5271C /* Build configuration list for PBXNativeTarget "RPGAapp" */ = {
			isa = XCConfigurationList;
			buildConfigurations = (
				3B063D741F3A21A800B5271C /* Debug */,
				3B063D751F3A21A800B5271C /* Release */,
			);
			defaultConfigurationIsVisible = 0;
			defaultConfigurationName = Release;
		};
		3B73F9241F8FB04900EA7E6A /* Build configuration list for PBXNativeTarget "RPGAappTests" */ = {
			isa = XCConfigurationList;
			buildConfigurations = (
				3B73F9251F8FB04900EA7E6A /* Debug */,
				3B73F9261F8FB04900EA7E6A /* Release */,
			);
			defaultConfigurationIsVisible = 0;
			defaultConfigurationName = Release;
		};
		3BD3358F1FF28B2E004F70BF /* Build configuration list for PBXNativeTarget "RPGAappUITests" */ = {
			isa = XCConfigurationList;
			buildConfigurations = (
				3BD335901FF28B2E004F70BF /* Debug */,
				3BD335911FF28B2E004F70BF /* Release */,
			);
			defaultConfigurationIsVisible = 0;
			defaultConfigurationName = Release;
		};
/* End XCConfigurationList section */

/* Begin XCVersionGroup section */
		3BA8867B1F49A17D00C27542 /* DataModel.xcdatamodeld */ = {
			isa = XCVersionGroup;
			children = (
				3BA8867C1F49A17D00C27542 /* DataModel.xcdatamodel */,
			);
			currentVersion = 3BA8867C1F49A17D00C27542 /* DataModel.xcdatamodel */;
			name = DataModel.xcdatamodeld;
			path = ../DataModel.xcdatamodeld;
			sourceTree = "<group>";
			versionGroupType = wrapper.xcdatamodel;
		};
/* End XCVersionGroup section */
	};
	rootObject = 3B063D571F3A21A800B5271C /* Project object */;
}
